
Microsoft Visual Studio Solution File, Format Version 12.00
# Visual Studio Version 17
VisualStudioVersion = 17.10.35122.118
MinimumVisualStudioVersion = 10.0.40219.1
Project("{FAE04EC0-301F-11D3-BF4B-00C04F79EFBC}") = "TelegramBot.Core", "TelegramBot.Core\TelegramBot.Core.csproj", "{CAF0ED58-614C-4958-92CA-D75269C790AE}"
EndProject
Project("{FAE04EC0-301F-11D3-BF4B-00C04F79EFBC}") = "TelegramBot.Infrastructure", "TelegramBot.Infrastructure\TelegramBot.Infrastructure.csproj", "{C1BC84EF-5273-4D36-AD75-3680E0A75BB7}"
EndProject
Project("{FAE04EC0-301F-11D3-BF4B-00C04F79EFBC}") = "TelegramBot.Presentation", "TelegramBot.Presentation\TelegramBot.Presentation.csproj", "{75AA6744-C0E9-47EA-9F8D-939817190DD4}"
EndProject
Project("{FAE04EC0-301F-11D3-BF4B-00C04F79EFBC}") = "TelegramBot.Service.Weather", "TelegramBot.Service.Weather\TelegramBot.Service.Weather.csproj", "{4D712E2C-52D1-4763-9CC5-4B2EC2532859}"
EndProject
Project("{FAE04EC0-301F-11D3-BF4B-00C04F79EFBC}") = "TelegramBot.Service.OpenAi", "TelegramBot.Service.OpenAi\TelegramBot.Service.OpenAi.csproj", "{48E54C61-FF4C-4DD0-A890-EC4AFA1FC239}"
EndProject
Project("{FAE04EC0-301F-11D3-BF4B-00C04F79EFBC}") = "TelegramBot.Service.TelegramBot", "TelegramBot.Service.TelegramBot\TelegramBot.Service.TelegramBot.csproj", "{D407138B-84D4-46B0-99E2-C247EC8FCEDD}"
EndProject
Global
	GlobalSection(SolutionConfigurationPlatforms) = preSolution
		Debug|Any CPU = Debug|Any CPU
		Release|Any CPU = Release|Any CPU
	EndGlobalSection
	GlobalSection(ProjectConfigurationPlatforms) = postSolution
		{CAF0ED58-614C-4958-92CA-D75269C790AE}.Debug|Any CPU.ActiveCfg = Debug|Any CPU
		{CAF0ED58-614C-4958-92CA-D75269C790AE}.Debug|Any CPU.Build.0 = Debug|Any CPU
		{CAF0ED58-614C-4958-92CA-D75269C790AE}.Release|Any CPU.ActiveCfg = Release|Any CPU
		{CAF0ED58-614C-4958-92CA-D75269C790AE}.Release|Any CPU.Build.0 = Release|Any CPU
		{C1BC84EF-5273-4D36-AD75-3680E0A75BB7}.Debug|Any CPU.ActiveCfg = Debug|Any CPU
		{C1BC84EF-5273-4D36-AD75-3680E0A75BB7}.Debug|Any CPU.Build.0 = Debug|Any CPU
		{C1BC84EF-5273-4D36-AD75-3680E0A75BB7}.Release|Any CPU.ActiveCfg = Release|Any CPU
		{C1BC84EF-5273-4D36-AD75-3680E0A75BB7}.Release|Any CPU.Build.0 = Release|Any CPU
		{75AA6744-C0E9-47EA-9F8D-939817190DD4}.Debug|Any CPU.ActiveCfg = Debug|Any CPU
		{75AA6744-C0E9-47EA-9F8D-939817190DD4}.Debug|Any CPU.Build.0 = Debug|Any CPU
		{75AA6744-C0E9-47EA-9F8D-939817190DD4}.Release|Any CPU.ActiveCfg = Release|Any CPU
		{75AA6744-C0E9-47EA-9F8D-939817190DD4}.Release|Any CPU.Build.0 = Release|Any CPU
		{4D712E2C-52D1-4763-9CC5-4B2EC2532859}.Debug|Any CPU.ActiveCfg = Debug|Any CPU
		{4D712E2C-52D1-4763-9CC5-4B2EC2532859}.Debug|Any CPU.Build.0 = Debug|Any CPU
		{4D712E2C-52D1-4763-9CC5-4B2EC2532859}.Release|Any CPU.ActiveCfg = Release|Any CPU
		{4D712E2C-52D1-4763-9CC5-4B2EC2532859}.Release|Any CPU.Build.0 = Release|Any CPU
		{48E54C61-FF4C-4DD0-A890-EC4AFA1FC239}.Debug|Any CPU.ActiveCfg = Debug|Any CPU
		{48E54C61-FF4C-4DD0-A890-EC4AFA1FC239}.Debug|Any CPU.Build.0 = Debug|Any CPU
		{48E54C61-FF4C-4DD0-A890-EC4AFA1FC239}.Release|Any CPU.ActiveCfg = Release|Any CPU
		{48E54C61-FF4C-4DD0-A890-EC4AFA1FC239}.Release|Any CPU.Build.0 = Release|Any CPU
		{D407138B-84D4-46B0-99E2-C247EC8FCEDD}.Debug|Any CPU.ActiveCfg = Debug|Any CPU
		{D407138B-84D4-46B0-99E2-C247EC8FCEDD}.Debug|Any CPU.Build.0 = Debug|Any CPU
		{D407138B-84D4-46B0-99E2-C247EC8FCEDD}.Release|Any CPU.ActiveCfg = Release|Any CPU
		{D407138B-84D4-46B0-99E2-C247EC8FCEDD}.Release|Any CPU.Build.0 = Release|Any CPU
	EndGlobalSection
	GlobalSection(SolutionProperties) = preSolution
		HideSolutionNode = FALSE
	EndGlobalSection
	GlobalSection(ExtensibilityGlobals) = postSolution
		SolutionGuid = {FD8F3B2F-BADC-41DF-8AC6-B61CB5CB18DF}
	EndGlobalSection
EndGlobal
